
Microsoft Visual Studio Solution File, Format Version 12.00
# Visual Studio Version 16
VisualStudioVersion = 16.0.30413.136
MinimumVisualStudioVersion = 10.0.40219.1
Project("{9A19103F-16F7-4668-BE54-9A1E7A4F7556}") = "DotNet_Rfc2898_PasswordEncryption", "DotNet_Rfc2898_PasswordEncryption\DotNet_Rfc2898_PasswordEncryption.csproj", "{622C64B1-CA90-4370-825F-8C7007A07E8F}"
EndProject
Global
	GlobalSection(SolutionConfigurationPlatforms) = preSolution
		Debug|Any CPU = Debug|Any CPU
		Release|Any CPU = Release|Any CPU
	EndGlobalSection
	GlobalSection(ProjectConfigurationPlatforms) = postSolution
		{622C64B1-CA90-4370-825F-8C7007A07E8F}.Debug|Any CPU.ActiveCfg = Debug|Any CPU
		{622C64B1-CA90-4370-825F-8C7007A07E8F}.Debug|Any CPU.Build.0 = Debug|Any CPU
		{622C64B1-CA90-4370-825F-8C7007A07E8F}.Release|Any CPU.ActiveCfg = Release|Any CPU
		{622C64B1-CA90-4370-825F-8C7007A07E8F}.Release|Any CPU.Build.0 = Release|Any CPU
	EndGlobalSection
	GlobalSection(SolutionProperties) = preSolution
		HideSolutionNode = FALSE
	EndGlobalSection
	GlobalSection(ExtensibilityGlobals) = postSolution
		SolutionGuid = {8BBA902E-BD6A-4033-9BF5-ABAED4CC3AE9}
	EndGlobalSection
EndGlobal
